
Microsoft Visual Studio Solution File, Format Version 12.00
# Visual Studio Version 16
VisualStudioVersion = 16.0.30907.101
MinimumVisualStudioVersion = 10.0.40219.1
Project("{FAE04EC0-301F-11D3-BF4B-00C04F79EFBC}") = "TaskControl", "TaskControl\TaskControl.csproj", "{FD238670-394B-4557-B115-35F4564788AD}"
EndProject
Global
	GlobalSection(SolutionConfigurationPlatforms) = preSolution
		Debug|Any CPU = Debug|Any CPU
		Release|Any CPU = Release|Any CPU
	EndGlobalSection
	GlobalSection(ProjectConfigurationPlatforms) = postSolution
		{FD238670-394B-4557-B115-35F4564788AD}.Debug|Any CPU.ActiveCfg = Debug|Any CPU
		{FD238670-394B-4557-B115-35F4564788AD}.Debug|Any CPU.Build.0 = Debug|Any CPU
		{FD238670-394B-4557-B115-35F4564788AD}.Release|Any CPU.ActiveCfg = Release|Any CPU
		{FD238670-394B-4557-B115-35F4564788AD}.Release|Any CPU.Build.0 = Release|Any CPU
	EndGlobalSection
	GlobalSection(SolutionProperties) = preSolution
		HideSolutionNode = FALSE
	EndGlobalSection
	GlobalSection(ExtensibilityGlobals) = postSolution
		SolutionGuid = {5A59175F-D259-48D9-9410-AAC8F5479A4F}
	EndGlobalSection
EndGlobal
